// !$*UTF8*$!
{
	archiveVersion = 1;
	classes = {
	};
	objectVersion = 55;
	objects = {

/* Begin PBXBuildFile section */
		B29FA47129A735EB00DA23E2 /* NYCSchoolsApp.swift in Sources */ = {isa = PBXBuildFile; fileRef = B29FA47029A735EB00DA23E2 /* NYCSchoolsApp.swift */; };
		B29FA47329A735EB00DA23E2 /* ContentView.swift in Sources */ = {isa = PBXBuildFile; fileRef = B29FA47229A735EB00DA23E2 /* ContentView.swift */; };
		B29FA47529A735F100DA23E2 /* Assets.xcassets in Resources */ = {isa = PBXBuildFile; fileRef = B29FA47429A735F100DA23E2 /* Assets.xcassets */; };
		B29FA47829A735F100DA23E2 /* Preview Assets.xcassets in Resources */ = {isa = PBXBuildFile; fileRef = B29FA47729A735F100DA23E2 /* Preview Assets.xcassets */; };
		B29FA48229A735F200DA23E2 /* NYCSchoolsTests.swift in Sources */ = {isa = PBXBuildFile; fileRef = B29FA48129A735F200DA23E2 /* NYCSchoolsTests.swift */; };
		B29FA48C29A735F200DA23E2 /* NYCSchoolsUITests.swift in Sources */ = {isa = PBXBuildFile; fileRef = B29FA48B29A735F200DA23E2 /* NYCSchoolsUITests.swift */; };
		B29FA48E29A735F200DA23E2 /* NYCSchoolsUITestsLaunchTests.swift in Sources */ = {isa = PBXBuildFile; fileRef = B29FA48D29A735F200DA23E2 /* NYCSchoolsUITestsLaunchTests.swift */; };
		B29FA49C29A7365600DA23E2 /* APIHelper.swift in Sources */ = {isa = PBXBuildFile; fileRef = B29FA49B29A7365600DA23E2 /* APIHelper.swift */; };
		B29FA49F29A7386300DA23E2 /* SchoolInfo.swift in Sources */ = {isa = PBXBuildFile; fileRef = B29FA49E29A7386300DA23E2 /* SchoolInfo.swift */; };
/* End PBXBuildFile section */

/* Begin PBXContainerItemProxy section */
		B29FA47E29A735F200DA23E2 /* PBXContainerItemProxy */ = {
			isa = PBXContainerItemProxy;
			containerPortal = B29FA46529A735EB00DA23E2 /* Project object */;
			proxyType = 1;
			remoteGlobalIDString = B29FA46C29A735EB00DA23E2;
			remoteInfo = NYCSchools;
		};
		B29FA48829A735F200DA23E2 /* PBXContainerItemProxy */ = {
			isa = PBXContainerItemProxy;
			containerPortal = B29FA46529A735EB00DA23E2 /* Project object */;
			proxyType = 1;
			remoteGlobalIDString = B29FA46C29A735EB00DA23E2;
			remoteInfo = NYCSchools;
		};
/* End PBXContainerItemProxy section */

/* Begin PBXFileReference section */
		B29FA46D29A735EB00DA23E2 /* NYCSchools.app */ = {isa = PBXFileReference; explicitFileType = wrapper.application; includeInIndex = 0; path = NYCSchools.app; sourceTree = BUILT_PRODUCTS_DIR; };
		B29FA47029A735EB00DA23E2 /* NYCSchoolsApp.swift */ = {isa = PBXFileReference; lastKnownFileType = sourcecode.swift; path = NYCSchoolsApp.swift; sourceTree = "<group>"; };
		B29FA47229A735EB00DA23E2 /* ContentView.swift */ = {isa = PBXFileReference; lastKnownFileType = sourcecode.swift; path = ContentView.swift; sourceTree = "<group>"; };
		B29FA47429A735F100DA23E2 /* Assets.xcassets */ = {isa = PBXFileReference; lastKnownFileType = folder.assetcatalog; path = Assets.xcassets; sourceTree = "<group>"; };
		B29FA47729A735F100DA23E2 /* Preview Assets.xcassets */ = {isa = PBXFileReference; lastKnownFileType = folder.assetcatalog; path = "Preview Assets.xcassets"; sourceTree = "<group>"; };
		B29FA47D29A735F200DA23E2 /* NYCSchoolsTests.xctest */ = {isa = PBXFileReference; explicitFileType = wrapper.cfbundle; includeInIndex = 0; path = NYCSchoolsTests.xctest; sourceTree = BUILT_PRODUCTS_DIR; };
		B29FA48129A735F200DA23E2 /* NYCSchoolsTests.swift */ = {isa = PBXFileReference; lastKnownFileType = sourcecode.swift; path = NYCSchoolsTests.swift; sourceTree = "<group>"; };
		B29FA48729A735F200DA23E2 /* NYCSchoolsUITests.xctest */ = {isa = PBXFileReference; explicitFileType = wrapper.cfbundle; includeInIndex = 0; path = NYCSchoolsUITests.xctest; sourceTree = BUILT_PRODUCTS_DIR; };
		B29FA48B29A735F200DA23E2 /* NYCSchoolsUITests.swift */ = {isa = PBXFileReference; lastKnownFileType = sourcecode.swift; path = NYCSchoolsUITests.swift; sourceTree = "<group>"; };
		B29FA48D29A735F200DA23E2 /* NYCSchoolsUITestsLaunchTests.swift */ = {isa = PBXFileReference; lastKnownFileType = sourcecode.swift; path = NYCSchoolsUITestsLaunchTests.swift; sourceTree = "<group>"; };
		B29FA49B29A7365600DA23E2 /* APIHelper.swift */ = {isa = PBXFileReference; lastKnownFileType = sourcecode.swift; path = APIHelper.swift; sourceTree = "<group>"; };
		B29FA49E29A7386300DA23E2 /* SchoolInfo.swift */ = {isa = PBXFileReference; lastKnownFileType = sourcecode.swift; path = SchoolInfo.swift; sourceTree = "<group>"; };
		B29FA4AF29A7396800DA23E2 /* Info.plist */ = {isa = PBXFileReference; lastKnownFileType = text.plist; path = Info.plist; sourceTree = "<group>"; };
		B29FA4B129A7398200DA23E2 /* SODAKit.framework */ = {isa = PBXFileReference; explicitFileType = wrapper.framework; path = SODAKit.framework; sourceTree = BUILT_PRODUCTS_DIR; };
/* End PBXFileReference section */

/* Begin PBXFrameworksBuildPhase section */
		B29FA46A29A735EB00DA23E2 /* Frameworks */ = {
			isa = PBXFrameworksBuildPhase;
			buildActionMask = 2147483647;
			files = (
			);
			runOnlyForDeploymentPostprocessing = 0;
		};
		B29FA47A29A735F200DA23E2 /* Frameworks */ = {
			isa = PBXFrameworksBuildPhase;
			buildActionMask = 2147483647;
			files = (
			);
			runOnlyForDeploymentPostprocessing = 0;
		};
		B29FA48429A735F200DA23E2 /* Frameworks */ = {
			isa = PBXFrameworksBuildPhase;
			buildActionMask = 2147483647;
			files = (
			);
			runOnlyForDeploymentPostprocessing = 0;
		};
/* End PBXFrameworksBuildPhase section */

/* Begin PBXGroup section */
		B29FA46429A735EB00DA23E2 = {
			isa = PBXGroup;
			children = (
				B29FA46F29A735EB00DA23E2 /* NYCSchools */,
				B29FA48029A735F200DA23E2 /* NYCSchoolsTests */,
				B29FA48A29A735F200DA23E2 /* NYCSchoolsUITests */,
				B29FA46E29A735EB00DA23E2 /* Products */,
				B29FA4B029A7398200DA23E2 /* Frameworks */,
			);
			sourceTree = "<group>";
		};
		B29FA46E29A735EB00DA23E2 /* Products */ = {
			isa = PBXGroup;
			children = (
				B29FA46D29A735EB00DA23E2 /* NYCSchools.app */,
				B29FA47D29A735F200DA23E2 /* NYCSchoolsTests.xctest */,
				B29FA48729A735F200DA23E2 /* NYCSchoolsUITests.xctest */,
			);
			name = Products;
			sourceTree = "<group>";
		};
		B29FA46F29A735EB00DA23E2 /* NYCSchools */ = {
			isa = PBXGroup;
			children = (
				B29FA4AF29A7396800DA23E2 /* Info.plist */,
				B29FA49D29A7381D00DA23E2 /* Model */,
				B29FA49A29A7364B00DA23E2 /* Utils */,
				B29FA47029A735EB00DA23E2 /* NYCSchoolsApp.swift */,
				B29FA47229A735EB00DA23E2 /* ContentView.swift */,
				B29FA47429A735F100DA23E2 /* Assets.xcassets */,
				B29FA47629A735F100DA23E2 /* Preview Content */,
			);
			path = NYCSchools;
			sourceTree = "<group>";
		};
		B29FA47629A735F100DA23E2 /* Preview Content */ = {
			isa = PBXGroup;
			children = (
				B29FA47729A735F100DA23E2 /* Preview Assets.xcassets */,
			);
			path = "Preview Content";
			sourceTree = "<group>";
		};
		B29FA48029A735F200DA23E2 /* NYCSchoolsTests */ = {
			isa = PBXGroup;
			children = (
				B29FA48129A735F200DA23E2 /* NYCSchoolsTests.swift */,
			);
			path = NYCSchoolsTests;
			sourceTree = "<group>";
		};
		B29FA48A29A735F200DA23E2 /* NYCSchoolsUITests */ = {
			isa = PBXGroup;
			children = (
				B29FA48B29A735F200DA23E2 /* NYCSchoolsUITests.swift */,
				B29FA48D29A735F200DA23E2 /* NYCSchoolsUITestsLaunchTests.swift */,
			);
			path = NYCSchoolsUITests;
			sourceTree = "<group>";
		};
		B29FA49A29A7364B00DA23E2 /* Utils */ = {
			isa = PBXGroup;
			children = (
				B29FA49B29A7365600DA23E2 /* APIHelper.swift */,
			);
			path = Utils;
			sourceTree = "<group>";
		};
		B29FA49D29A7381D00DA23E2 /* Model */ = {
			isa = PBXGroup;
			children = (
				B29FA49E29A7386300DA23E2 /* SchoolInfo.swift */,
			);
			path = Model;
			sourceTree = "<group>";
		};
		B29FA4B029A7398200DA23E2 /* Frameworks */ = {
			isa = PBXGroup;
			children = (
				B29FA4B129A7398200DA23E2 /* SODAKit.framework */,
			);
			name = Frameworks;
			sourceTree = "<group>";
		};
/* End PBXGroup section */

/* Begin PBXNativeTarget section */
		B29FA46C29A735EB00DA23E2 /* NYCSchools */ = {
			isa = PBXNativeTarget;
			buildConfigurationList = B29FA49129A735F200DA23E2 /* Build configuration list for PBXNativeTarget "NYCSchools" */;
			buildPhases = (
				B29FA46929A735EB00DA23E2 /* Sources */,
				B29FA46A29A735EB00DA23E2 /* Frameworks */,
				B29FA46B29A735EB00DA23E2 /* Resources */,
			);
			buildRules = (
			);
			dependencies = (
			);
			name = NYCSchools;
			productName = NYCSchools;
			productReference = B29FA46D29A735EB00DA23E2 /* NYCSchools.app */;
			productType = "com.apple.product-type.application";
		};
		B29FA47C29A735F200DA23E2 /* NYCSchoolsTests */ = {
			isa = PBXNativeTarget;
			buildConfigurationList = B29FA49429A735F200DA23E2 /* Build configuration list for PBXNativeTarget "NYCSchoolsTests" */;
			buildPhases = (
				B29FA47929A735F200DA23E2 /* Sources */,
				B29FA47A29A735F200DA23E2 /* Frameworks */,
				B29FA47B29A735F200DA23E2 /* Resources */,
			);
			buildRules = (
			);
			dependencies = (
				B29FA47F29A735F200DA23E2 /* PBXTargetDependency */,
			);
			name = NYCSchoolsTests;
			productName = NYCSchoolsTests;
			productReference = B29FA47D29A735F200DA23E2 /* NYCSchoolsTests.xctest */;
			productType = "com.apple.product-type.bundle.unit-test";
		};
		B29FA48629A735F200DA23E2 /* NYCSchoolsUITests */ = {
			isa = PBXNativeTarget;
			buildConfigurationList = B29FA49729A735F200DA23E2 /* Build configuration list for PBXNativeTarget "NYCSchoolsUITests" */;
			buildPhases = (
				B29FA48329A735F200DA23E2 /* Sources */,
				B29FA48429A735F200DA23E2 /* Frameworks */,
				B29FA48529A735F200DA23E2 /* Resources */,
			);
			buildRules = (
			);
			dependencies = (
				B29FA48929A735F200DA23E2 /* PBXTargetDependency */,
			);
			name = NYCSchoolsUITests;
			productName = NYCSchoolsUITests;
			productReference = B29FA48729A735F200DA23E2 /* NYCSchoolsUITests.xctest */;
			productType = "com.apple.product-type.bundle.ui-testing";
		};
/* End PBXNativeTarget section */

/* Begin PBXProject section */
		B29FA46529A735EB00DA23E2 /* Project object */ = {
			isa = PBXProject;
			attributes = {
				BuildIndependentTargetsInParallel = 1;
				LastSwiftUpdateCheck = 1340;
				LastUpgradeCheck = 1340;
				TargetAttributes = {
					B29FA46C29A735EB00DA23E2 = {
						CreatedOnToolsVersion = 13.4;
					};
					B29FA47C29A735F200DA23E2 = {
						CreatedOnToolsVersion = 13.4;
						TestTargetID = B29FA46C29A735EB00DA23E2;
					};
					B29FA48629A735F200DA23E2 = {
						CreatedOnToolsVersion = 13.4;
						TestTargetID = B29FA46C29A735EB00DA23E2;
					};
				};
			};
			buildConfigurationList = B29FA46829A735EB00DA23E2 /* Build configuration list for PBXProject "NYCSchools" */;
			compatibilityVersion = "Xcode 13.0";
			developmentRegion = en;
			hasScannedForEncodings = 0;
			knownRegions = (
				en,
				Base,
			);
			mainGroup = B29FA46429A735EB00DA23E2;
			productRefGroup = B29FA46E29A735EB00DA23E2 /* Products */;
			projectDirPath = "";
			projectRoot = "";
			targets = (
				B29FA46C29A735EB00DA23E2 /* NYCSchools */,
				B29FA47C29A735F200DA23E2 /* NYCSchoolsTests */,
				B29FA48629A735F200DA23E2 /* NYCSchoolsUITests */,
			);
		};
/* End PBXProject section */

/* Begin PBXResourcesBuildPhase section */
		B29FA46B29A735EB00DA23E2 /* Resources */ = {
			isa = PBXResourcesBuildPhase;
			buildActionMask = 2147483647;
			files = (
				B29FA47829A735F100DA23E2 /* Preview Assets.xcassets in Resources */,
				B29FA47529A735F100DA23E2 /* Assets.xcassets in Resources */,
			);
			runOnlyForDeploymentPostprocessing = 0;
		};
		B29FA47B29A735F200DA23E2 /* Resources */ = {
			isa = PBXResourcesBuildPhase;
			buildActionMask = 2147483647;
			files = (
			);
			runOnlyForDeploymentPostprocessing = 0;
		};
		B29FA48529A735F200DA23E2 /* Resources */ = {
			isa = PBXResourcesBuildPhase;
			buildActionMask = 2147483647;
			files = (
			);
			runOnlyForDeploymentPostprocessing = 0;
		};
/* End PBXResourcesBuildPhase section */

/* Begin PBXSourcesBuildPhase section */
		B29FA46929A735EB00DA23E2 /* Sources */ = {
			isa = PBXSourcesBuildPhase;
			buildActionMask = 2147483647;
			files = (
				B29FA49C29A7365600DA23E2 /* APIHelper.swift in Sources */,
				B29FA47329A735EB00DA23E2 /* ContentView.swift in Sources */,
				B29FA47129A735EB00DA23E2 /* NYCSchoolsApp.swift in Sources */,
				B29FA49F29A7386300DA23E2 /* SchoolInfo.swift in Sources */,
			);
			runOnlyForDeploymentPostprocessing = 0;
		};
		B29FA47929A735F200DA23E2 /* Sources */ = {
			isa = PBXSourcesBuildPhase;
			buildActionMask = 2147483647;
			files = (
				B29FA48229A735F200DA23E2 /* NYCSchoolsTests.swift in Sources */,
			);
			runOnlyForDeploymentPostprocessing = 0;
		};
		B29FA48329A735F200DA23E2 /* Sources */ = {
			isa = PBXSourcesBuildPhase;
			buildActionMask = 2147483647;
			files = (
				B29FA48C29A735F200DA23E2 /* NYCSchoolsUITests.swift in Sources */,
				B29FA48E29A735F200DA23E2 /* NYCSchoolsUITestsLaunchTests.swift in Sources */,
			);
			runOnlyForDeploymentPostprocessing = 0;
		};
/* End PBXSourcesBuildPhase section */

/* Begin PBXTargetDependency section */
		B29FA47F29A735F200DA23E2 /* PBXTargetDependency */ = {
			isa = PBXTargetDependency;
			target = B29FA46C29A735EB00DA23E2 /* NYCSchools */;
			targetProxy = B29FA47E29A735F200DA23E2 /* PBXContainerItemProxy */;
		};
		B29FA48929A735F200DA23E2 /* PBXTargetDependency */ = {
			isa = PBXTargetDependency;
			target = B29FA46C29A735EB00DA23E2 /* NYCSchools */;
			targetProxy = B29FA48829A735F200DA23E2 /* PBXContainerItemProxy */;
		};
/* End PBXTargetDependency section */

/* Begin XCBuildConfiguration section */
		B29FA48F29A735F200DA23E2 /* Debug */ = {
			isa = XCBuildConfiguration;
			buildSettings = {
				ALWAYS_SEARCH_USER_PATHS = NO;
				CLANG_ANALYZER_NONNULL = YES;
				CLANG_ANALYZER_NUMBER_OBJECT_CONVERSION = YES_AGGRESSIVE;
				CLANG_CXX_LANGUAGE_STANDARD = "gnu++17";
				CLANG_ENABLE_MODULES = YES;
				CLANG_ENABLE_OBJC_ARC = YES;
				CLANG_ENABLE_OBJC_WEAK = YES;
				CLANG_WARN_BLOCK_CAPTURE_AUTORELEASING = YES;
				CLANG_WARN_BOOL_CONVERSION = YES;
				CLANG_WARN_COMMA = YES;
				CLANG_WARN_CONSTANT_CONVERSION = YES;
				CLANG_WARN_DEPRECATED_OBJC_IMPLEMENTATIONS = YES;
				CLANG_WARN_DIRECT_OBJC_ISA_USAGE = YES_ERROR;
				CLANG_WARN_DOCUMENTATION_COMMENTS = YES;
				CLANG_WARN_EMPTY_BODY = YES;
				CLANG_WARN_ENUM_CONVERSION = YES;
				CLANG_WARN_INFINITE_RECURSION = YES;
				CLANG_WARN_INT_CONVERSION = YES;
				CLANG_WARN_NON_LITERAL_NULL_CONVERSION = YES;
				CLANG_WARN_OBJC_IMPLICIT_RETAIN_SELF = YES;
				CLANG_WARN_OBJC_LITERAL_CONVERSION = YES;
				CLANG_WARN_OBJC_ROOT_CLASS = YES_ERROR;
				CLANG_WARN_QUOTED_INCLUDE_IN_FRAMEWORK_HEADER = YES;
				CLANG_WARN_RANGE_LOOP_ANALYSIS = YES;
				CLANG_WARN_STRICT_PROTOTYPES = YES;
				CLANG_WARN_SUSPICIOUS_MOVE = YES;
				CLANG_WARN_UNGUARDED_AVAILABILITY = YES_AGGRESSIVE;
				CLANG_WARN_UNREACHABLE_CODE = YES;
				CLANG_WARN__DUPLICATE_METHOD_MATCH = YES;
				COPY_PHASE_STRIP = NO;
				DEBUG_INFORMATION_FORMAT = dwarf;
				ENABLE_STRICT_OBJC_MSGSEND = YES;
				ENABLE_TESTABILITY = YES;
				GCC_C_LANGUAGE_STANDARD = gnu11;
				GCC_DYNAMIC_NO_PIC = NO;
				GCC_NO_COMMON_BLOCKS = YES;
				GCC_OPTIMIZATION_LEVEL = 0;
				GCC_PREPROCESSOR_DEFINITIONS = (
					"DEBUG=1",
					"$(inherited)",
				);
				GCC_WARN_64_TO_32_BIT_CONVERSION = YES;
				GCC_WARN_ABOUT_RETURN_TYPE = YES_ERROR;
				GCC_WARN_UNDECLARED_SELECTOR = YES;
				GCC_WARN_UNINITIALIZED_AUTOS = YES_AGGRESSIVE;
				GCC_WARN_UNUSED_FUNCTION = YES;
				GCC_WARN_UNUSED_VARIABLE = YES;
				IPHONEOS_DEPLOYMENT_TARGET = 15.5;
				MTL_ENABLE_DEBUG_INFO = INCLUDE_SOURCE;
				MTL_FAST_MATH = YES;
				ONLY_ACTIVE_ARCH = YES;
				SDKROOT = iphoneos;
				SWIFT_ACTIVE_COMPILATION_CONDITIONS = DEBUG;
				SWIFT_OPTIMIZATION_LEVEL = "-Onone";
			};
			name = Debug;
		};
		B29FA49029A735F200DA23E2 /* Release */ = {
			isa = XCBuildConfiguration;
			buildSettings = {
				ALWAYS_SEARCH_USER_PATHS = NO;
				CLANG_ANALYZER_NONNULL = YES;
				CLANG_ANALYZER_NUMBER_OBJECT_CONVERSION = YES_AGGRESSIVE;
				CLANG_CXX_LANGUAGE_STANDARD = "gnu++17";
				CLANG_ENABLE_MODULES = YES;
				CLANG_ENABLE_OBJC_ARC = YES;
				CLANG_ENABLE_OBJC_WEAK = YES;
				CLANG_WARN_BLOCK_CAPTURE_AUTORELEASING = YES;
				CLANG_WARN_BOOL_CONVERSION = YES;
				CLANG_WARN_COMMA = YES;
				CLANG_WARN_CONSTANT_CONVERSION = YES;
				CLANG_WARN_DEPRECATED_OBJC_IMPLEMENTATIONS = YES;
				CLANG_WARN_DIRECT_OBJC_ISA_USAGE = YES_ERROR;
				CLANG_WARN_DOCUMENTATION_COMMENTS = YES;
				CLANG_WARN_EMPTY_BODY = YES;
				CLANG_WARN_ENUM_CONVERSION = YES;
				CLANG_WARN_INFINITE_RECURSION = YES;
				CLANG_WARN_INT_CONVERSION = YES;
				CLANG_WARN_NON_LITERAL_NULL_CONVERSION = YES;
				CLANG_WARN_OBJC_IMPLICIT_RETAIN_SELF = YES;
				CLANG_WARN_OBJC_LITERAL_CONVERSION = YES;
				CLANG_WARN_OBJC_ROOT_CLASS = YES_ERROR;
				CLANG_WARN_QUOTED_INCLUDE_IN_FRAMEWORK_HEADER = YES;
				CLANG_WARN_RANGE_LOOP_ANALYSIS = YES;
				CLANG_WARN_STRICT_PROTOTYPES = YES;
				CLANG_WARN_SUSPICIOUS_MOVE = YES;
				CLANG_WARN_UNGUARDED_AVAILABILITY = YES_AGGRESSIVE;
				CLANG_WARN_UNREACHABLE_CODE = YES;
				CLANG_WARN__DUPLICATE_METHOD_MATCH = YES;
				COPY_PHASE_STRIP = NO;
				DEBUG_INFORMATION_FORMAT = "dwarf-with-dsym";
				ENABLE_NS_ASSERTIONS = NO;
				ENABLE_STRICT_OBJC_MSGSEND = YES;
				GCC_C_LANGUAGE_STANDARD = gnu11;
				GCC_NO_COMMON_BLOCKS = YES;
				GCC_WARN_64_TO_32_BIT_CONVERSION = YES;
				GCC_WARN_ABOUT_RETURN_TYPE = YES_ERROR;
				GCC_WARN_UNDECLARED_SELECTOR = YES;
				GCC_WARN_UNINITIALIZED_AUTOS = YES_AGGRESSIVE;
				GCC_WARN_UNUSED_FUNCTION = YES;
				GCC_WARN_UNUSED_VARIABLE = YES;
				IPHONEOS_DEPLOYMENT_TARGET = 15.5;
				MTL_ENABLE_DEBUG_INFO = NO;
				MTL_FAST_MATH = YES;
				SDKROOT = iphoneos;
				SWIFT_COMPILATION_MODE = wholemodule;
				SWIFT_OPTIMIZATION_LEVEL = "-O";
				VALIDATE_PRODUCT = YES;
			};
			name = Release;
		};
		B29FA49229A735F200DA23E2 /* Debug */ = {
			isa = XCBuildConfiguration;
			buildSettings = {
				ASSETCATALOG_COMPILER_APPICON_NAME = AppIcon;
				ASSETCATALOG_COMPILER_GLOBAL_ACCENT_COLOR_NAME = AccentColor;
				CODE_SIGN_STYLE = Automatic;
				CURRENT_PROJECT_VERSION = 1;
				DEVELOPMENT_ASSET_PATHS = "\"NYCSchools/Preview Content\"";
				DEVELOPMENT_TEAM = U4985LT7P8;
				ENABLE_PREVIEWS = YES;
				GENERATE_INFOPLIST_FILE = YES;
				INFOPLIST_FILE = NYCSchools/Info.plist;
				INFOPLIST_KEY_UIApplicationSceneManifest_Generation = YES;
				INFOPLIST_KEY_UIApplicationSupportsIndirectInputEvents = YES;
				INFOPLIST_KEY_UILaunchScreen_Generation = YES;
				INFOPLIST_KEY_UISupportedInterfaceOrientations_iPad = "UIInterfaceOrientationPortrait UIInterfaceOrientationPortraitUpsideDown UIInterfaceOrientationLandscapeLeft UIInterfaceOrientationLandscapeRight";
				INFOPLIST_KEY_UISupportedInterfaceOrientations_iPhone = "UIInterfaceOrientationPortrait UIInterfaceOrientationLandscapeLeft UIInterfaceOrientationLandscapeRight";
				LD_RUNPATH_SEARCH_PATHS = (
					"$(inherited)",
					"@executable_path/Frameworks",
				);
				MARKETING_VERSION = 1.0;
				PRODUCT_BUNDLE_IDENTIFIER = com.parthtamane.NYCSchools;
				PRODUCT_NAME = "$(TARGET_NAME)";
				SWIFT_EMIT_LOC_STRINGS = YES;
				SWIFT_VERSION = 5.0;
				TARGETED_DEVICE_FAMILY = "1,2";
			};
			name = Debug;
		};
		B29FA49329A735F200DA23E2 /* Release */ = {
			isa = XCBuildConfiguration;
			buildSettings = {
				ASSETCATALOG_COMPILER_APPICON_NAME = AppIcon;
				ASSETCATALOG_COMPILER_GLOBAL_ACCENT_COLOR_NAME = AccentColor;
				CODE_SIGN_STYLE = Automatic;
				CURRENT_PROJECT_VERSION = 1;
				DEVELOPMENT_ASSET_PATHS = "\"NYCSchools/Preview Content\"";
				DEVELOPMENT_TEAM = U4985LT7P8;
				ENABLE_PREVIEWS = YES;
				GENERATE_INFOPLIST_FILE = YES;
				INFOPLIST_FILE = NYCSchools/Info.plist;
				INFOPLIST_KEY_UIApplicationSceneManifest_Generation = YES;
				INFOPLIST_KEY_UIApplicationSupportsIndirectInputEvents = YES;
				INFOPLIST_KEY_UILaunchScreen_Generation = YES;
				INFOPLIST_KEY_UISupportedInterfaceOrientations_iPad = "UIInterfaceOrientationPortrait UIInterfaceOrientationPortraitUpsideDown UIInterfaceOrientationLandscapeLeft UIInterfaceOrientationLandscapeRight";
				INFOPLIST_KEY_UISupportedInterfaceOrientations_iPhone = "UIInterfaceOrientationPortrait UIInterfaceOrientationLandscapeLeft UIInterfaceOrientationLandscapeRight";
				LD_RUNPATH_SEARCH_PATHS = (
					"$(inherited)",
					"@executable_path/Frameworks",
				);
				MARKETING_VERSION = 1.0;
				PRODUCT_BUNDLE_IDENTIFIER = com.parthtamane.NYCSchools;
				PRODUCT_NAME = "$(TARGET_NAME)";
				SWIFT_EMIT_LOC_STRINGS = YES;
				SWIFT_VERSION = 5.0;
				TARGETED_DEVICE_FAMILY = "1,2";
			};
			name = Release;
		};
		B29FA49529A735F200DA23E2 /* Debug */ = {
			isa = XCBuildConfiguration;
			buildSettings = {
				ALWAYS_EMBED_SWIFT_STANDARD_LIBRARIES = YES;
				BUNDLE_LOADER = "$(TEST_HOST)";
				CODE_SIGN_STYLE = Automatic;
				CURRENT_PROJECT_VERSION = 1;
				DEVELOPMENT_TEAM = U4985LT7P8;
				GENERATE_INFOPLIST_FILE = YES;
				IPHONEOS_DEPLOYMENT_TARGET = 15.5;
				MARKETING_VERSION = 1.0;
				PRODUCT_BUNDLE_IDENTIFIER = com.parthtamane.NYCSchoolsTests;
				PRODUCT_NAME = "$(TARGET_NAME)";
				SWIFT_EMIT_LOC_STRINGS = NO;
				SWIFT_VERSION = 5.0;
				TARGETED_DEVICE_FAMILY = "1,2";
				TEST_HOST = "$(BUILT_PRODUCTS_DIR)/NYCSchools.app/NYCSchools";
			};
			name = Debug;
		};
		B29FA49629A735F200DA23E2 /* Release */ = {
			isa = XCBuildConfiguration;
			buildSettings = {
				ALWAYS_EMBED_SWIFT_STANDARD_LIBRARIES = YES;
				BUNDLE_LOADER = "$(TEST_HOST)";
				CODE_SIGN_STYLE = Automatic;
				CURRENT_PROJECT_VERSION = 1;
				DEVELOPMENT_TEAM = U4985LT7P8;
				GENERATE_INFOPLIST_FILE = YES;
				IPHONEOS_DEPLOYMENT_TARGET = 15.5;
				MARKETING_VERSION = 1.0;
				PRODUCT_BUNDLE_IDENTIFIER = com.parthtamane.NYCSchoolsTests;
				PRODUCT_NAME = "$(TARGET_NAME)";
				SWIFT_EMIT_LOC_STRINGS = NO;
				SWIFT_VERSION = 5.0;
				TARGETED_DEVICE_FAMILY = "1,2";
				TEST_HOST = "$(BUILT_PRODUCTS_DIR)/NYCSchools.app/NYCSchools";
			};
			name = Release;
		};
		B29FA49829A735F200DA23E2 /* Debug */ = {
			isa = XCBuildConfiguration;
			buildSettings = {
				ALWAYS_EMBED_SWIFT_STANDARD_LIBRARIES = YES;
				CODE_SIGN_STYLE = Automatic;
				CURRENT_PROJECT_VERSION = 1;
				DEVELOPMENT_TEAM = U4985LT7P8;
				GENERATE_INFOPLIST_FILE = YES;
				MARKETING_VERSION = 1.0;
				PRODUCT_BUNDLE_IDENTIFIER = com.parthtamane.NYCSchoolsUITests;
				PRODUCT_NAME = "$(TARGET_NAME)";
				SWIFT_EMIT_LOC_STRINGS = NO;
				SWIFT_VERSION = 5.0;
				TARGETED_DEVICE_FAMILY = "1,2";
				TEST_TARGET_NAME = NYCSchools;
			};
			name = Debug;
		};
		B29FA49929A735F200DA23E2 /* Release */ = {
			isa = XCBuildConfiguration;
			buildSettings = {
				ALWAYS_EMBED_SWIFT_STANDARD_LIBRARIES = YES;
				CODE_SIGN_STYLE = Automatic;
				CURRENT_PROJECT_VERSION = 1;
				DEVELOPMENT_TEAM = U4985LT7P8;
				GENERATE_INFOPLIST_FILE = YES;
				MARKETING_VERSION = 1.0;
				PRODUCT_BUNDLE_IDENTIFIER = com.parthtamane.NYCSchoolsUITests;
				PRODUCT_NAME = "$(TARGET_NAME)";
				SWIFT_EMIT_LOC_STRINGS = NO;
				SWIFT_VERSION = 5.0;
				TARGETED_DEVICE_FAMILY = "1,2";
				TEST_TARGET_NAME = NYCSchools;
			};
			name = Release;
		};
/* End XCBuildConfiguration section */

/* Begin XCConfigurationList section */
		B29FA46829A735EB00DA23E2 /* Build configuration list for PBXProject "NYCSchools" */ = {
			isa = XCConfigurationList;
			buildConfigurations = (
				B29FA48F29A735F200DA23E2 /* Debug */,
				B29FA49029A735F200DA23E2 /* Release */,
			);
			defaultConfigurationIsVisible = 0;
			defaultConfigurationName = Release;
		};
		B29FA49129A735F200DA23E2 /* Build configuration list for PBXNativeTarget "NYCSchools" */ = {
			isa = XCConfigurationList;
			buildConfigurations = (
				B29FA49229A735F200DA23E2 /* Debug */,
				B29FA49329A735F200DA23E2 /* Release */,
			);
			defaultConfigurationIsVisible = 0;
			defaultConfigurationName = Release;
		};
		B29FA49429A735F200DA23E2 /* Build configuration list for PBXNativeTarget "NYCSchoolsTests" */ = {
			isa = XCConfigurationList;
			buildConfigurations = (
				B29FA49529A735F200DA23E2 /* Debug */,
				B29FA49629A735F200DA23E2 /* Release */,
			);
			defaultConfigurationIsVisible = 0;
			defaultConfigurationName = Release;
		};
		B29FA49729A735F200DA23E2 /* Build configuration list for PBXNativeTarget "NYCSchoolsUITests" */ = {
			isa = XCConfigurationList;
			buildConfigurations = (
				B29FA49829A735F200DA23E2 /* Debug */,
				B29FA49929A735F200DA23E2 /* Release */,
			);
			defaultConfigurationIsVisible = 0;
			defaultConfigurationName = Release;
		};
/* End XCConfigurationList section */
	};
	rootObject = B29FA46529A735EB00DA23E2 /* Project object */;
}
